
Microsoft Visual Studio Solution File, Format Version 12.00
# Visual Studio Version 16
VisualStudioVersion = 16.0.30523.141
MinimumVisualStudioVersion = 10.0.40219.1
Project("{FAE04EC0-301F-11D3-BF4B-00C04F79EFBC}") = "WpfApp1", "WpfApp1\WpfApp1.csproj", "{765B16D9-FF27-4DEA-90A1-2DA0FDF07C7B}"
EndProject
Global
	GlobalSection(SolutionConfigurationPlatforms) = preSolution
		Debug|Any CPU = Debug|Any CPU
		Release|Any CPU = Release|Any CPU
	EndGlobalSection
	GlobalSection(ProjectConfigurationPlatforms) = postSolution
		{765B16D9-FF27-4DEA-90A1-2DA0FDF07C7B}.Debug|Any CPU.ActiveCfg = Debug|Any CPU
		{765B16D9-FF27-4DEA-90A1-2DA0FDF07C7B}.Debug|Any CPU.Build.0 = Debug|Any CPU
		{765B16D9-FF27-4DEA-90A1-2DA0FDF07C7B}.Release|Any CPU.ActiveCfg = Release|Any CPU
		{765B16D9-FF27-4DEA-90A1-2DA0FDF07C7B}.Release|Any CPU.Build.0 = Release|Any CPU
	EndGlobalSection
	GlobalSection(SolutionProperties) = preSolution
		HideSolutionNode = FALSE
	EndGlobalSection
	GlobalSection(ExtensibilityGlobals) = postSolution
		SolutionGuid = {396EBA8F-0FD8-4E4F-99B0-474FC5D7AE29}
	EndGlobalSection
EndGlobal
